
Microsoft Visual Studio Solution File, Format Version 12.00
# Visual Studio Version 16
VisualStudioVersion = 16.0.35731.53
MinimumVisualStudioVersion = 10.0.40219.1
Project("{FAE04EC0-301F-11D3-BF4B-00C04F79EFBC}") = "ExpandedGenealogy", "ExpandedGenealogy\ExpandedGenealogy.csproj", "{D5E41DB2-3F43-4EEB-9CC7-303D24C203C1}"
EndProject
Project("{FAE04EC0-301F-11D3-BF4B-00C04F79EFBC}") = "MonoPatcher", "..\MonoPatcher-main\MonoPatcher\MonoPatcher.csproj", "{91460F7B-9C23-4A43-AB52-95EAC8D52D93}"
EndProject
Global
	GlobalSection(SolutionConfigurationPlatforms) = preSolution
		Debug|Any CPU = Debug|Any CPU
		Release|Any CPU = Release|Any CPU
	EndGlobalSection
	GlobalSection(ProjectConfigurationPlatforms) = postSolution
		{D5E41DB2-3F43-4EEB-9CC7-303D24C203C1}.Debug|Any CPU.ActiveCfg = Release|Any CPU
		{D5E41DB2-3F43-4EEB-9CC7-303D24C203C1}.Debug|Any CPU.Build.0 = Release|Any CPU
		{D5E41DB2-3F43-4EEB-9CC7-303D24C203C1}.Release|Any CPU.ActiveCfg = Release|Any CPU
		{D5E41DB2-3F43-4EEB-9CC7-303D24C203C1}.Release|Any CPU.Build.0 = Release|Any CPU
		{91460F7B-9C23-4A43-AB52-95EAC8D52D93}.Debug|Any CPU.ActiveCfg = Debug|Any CPU
		{91460F7B-9C23-4A43-AB52-95EAC8D52D93}.Debug|Any CPU.Build.0 = Debug|Any CPU
		{91460F7B-9C23-4A43-AB52-95EAC8D52D93}.Release|Any CPU.ActiveCfg = Release|Any CPU
		{91460F7B-9C23-4A43-AB52-95EAC8D52D93}.Release|Any CPU.Build.0 = Release|Any CPU
	EndGlobalSection
	GlobalSection(SolutionProperties) = preSolution
		HideSolutionNode = FALSE
	EndGlobalSection
	GlobalSection(ExtensibilityGlobals) = postSolution
		SolutionGuid = {209FF0C8-E91C-416B-B196-EADE586844E7}
	EndGlobalSection
EndGlobal
